// !$*UTF8*$!
{
	archiveVersion = 1;
	classes = {
	};
	objectVersion = 48;
	objects = {

/* Begin PBXBuildFile section */
		0F76B6A220F9DEBB00EC89DF /* AppDelegate.swift in Sources */ = {isa = PBXBuildFile; fileRef = 0F76B6A120F9DEBB00EC89DF /* AppDelegate.swift */; };
		0F76B6A420F9DEBB00EC89DF /* ViewController.swift in Sources */ = {isa = PBXBuildFile; fileRef = 0F76B6A320F9DEBB00EC89DF /* ViewController.swift */; };
		0F76B6A720F9DEBB00EC89DF /* Main.storyboard in Resources */ = {isa = PBXBuildFile; fileRef = 0F76B6A520F9DEBB00EC89DF /* Main.storyboard */; };
		0F76B6A920F9DEBB00EC89DF /* Assets.xcassets in Resources */ = {isa = PBXBuildFile; fileRef = 0F76B6A820F9DEBB00EC89DF /* Assets.xcassets */; };
		0F76B6AC20F9DEBB00EC89DF /* LaunchScreen.storyboard in Resources */ = {isa = PBXBuildFile; fileRef = 0F76B6AA20F9DEBB00EC89DF /* LaunchScreen.storyboard */; };
		0F76B6B720F9DEBB00EC89DF /* TestButtonTests.swift in Sources */ = {isa = PBXBuildFile; fileRef = 0F76B6B620F9DEBB00EC89DF /* TestButtonTests.swift */; };
		0F76B6C220F9DEBB00EC89DF /* TestButtonUITests.swift in Sources */ = {isa = PBXBuildFile; fileRef = 0F76B6C120F9DEBB00EC89DF /* TestButtonUITests.swift */; };
/* End PBXBuildFile section */

/* Begin PBXContainerItemProxy section */
		0F76B6B320F9DEBB00EC89DF /* PBXContainerItemProxy */ = {
			isa = PBXContainerItemProxy;
			containerPortal = 0F76B69620F9DEBB00EC89DF /* Project object */;
			proxyType = 1;
			remoteGlobalIDString = 0F76B69D20F9DEBB00EC89DF;
			remoteInfo = TestButton;
		};
		0F76B6BE20F9DEBB00EC89DF /* PBXContainerItemProxy */ = {
			isa = PBXContainerItemProxy;
			containerPortal = 0F76B69620F9DEBB00EC89DF /* Project object */;
			proxyType = 1;
			remoteGlobalIDString = 0F76B69D20F9DEBB00EC89DF;
			remoteInfo = TestButton;
		};
/* End PBXContainerItemProxy section */

/* Begin PBXFileReference section */
		0F76B69E20F9DEBB00EC89DF /* TestButton.app */ = {isa = PBXFileReference; explicitFileType = wrapper.application; includeInIndex = 0; path = TestButton.app; sourceTree = BUILT_PRODUCTS_DIR; };
		0F76B6A120F9DEBB00EC89DF /* AppDelegate.swift */ = {isa = PBXFileReference; lastKnownFileType = sourcecode.swift; path = AppDelegate.swift; sourceTree = "<group>"; };
		0F76B6A320F9DEBB00EC89DF /* ViewController.swift */ = {isa = PBXFileReference; lastKnownFileType = sourcecode.swift; path = ViewController.swift; sourceTree = "<group>"; };
		0F76B6A620F9DEBB00EC89DF /* Base */ = {isa = PBXFileReference; lastKnownFileType = file.storyboard; name = Base; path = Base.lproj/Main.storyboard; sourceTree = "<group>"; };
		0F76B6A820F9DEBB00EC89DF /* Assets.xcassets */ = {isa = PBXFileReference; lastKnownFileType = folder.assetcatalog; path = Assets.xcassets; sourceTree = "<group>"; };
		0F76B6AB20F9DEBB00EC89DF /* Base */ = {isa = PBXFileReference; lastKnownFileType = file.storyboard; name = Base; path = Base.lproj/LaunchScreen.storyboard; sourceTree = "<group>"; };
		0F76B6AD20F9DEBB00EC89DF /* Info.plist */ = {isa = PBXFileReference; lastKnownFileType = text.plist.xml; path = Info.plist; sourceTree = "<group>"; };
		0F76B6B220F9DEBB00EC89DF /* TestButtonTests.xctest */ = {isa = PBXFileReference; explicitFileType = wrapper.cfbundle; includeInIndex = 0; path = TestButtonTests.xctest; sourceTree = BUILT_PRODUCTS_DIR; };
		0F76B6B620F9DEBB00EC89DF /* TestButtonTests.swift */ = {isa = PBXFileReference; lastKnownFileType = sourcecode.swift; path = TestButtonTests.swift; sourceTree = "<group>"; };
		0F76B6B820F9DEBB00EC89DF /* Info.plist */ = {isa = PBXFileReference; lastKnownFileType = text.plist.xml; path = Info.plist; sourceTree = "<group>"; };
		0F76B6BD20F9DEBB00EC89DF /* TestButtonUITests.xctest */ = {isa = PBXFileReference; explicitFileType = wrapper.cfbundle; includeInIndex = 0; path = TestButtonUITests.xctest; sourceTree = BUILT_PRODUCTS_DIR; };
		0F76B6C120F9DEBB00EC89DF /* TestButtonUITests.swift */ = {isa = PBXFileReference; lastKnownFileType = sourcecode.swift; path = TestButtonUITests.swift; sourceTree = "<group>"; };
		0F76B6C320F9DEBB00EC89DF /* Info.plist */ = {isa = PBXFileReference; lastKnownFileType = text.plist.xml; path = Info.plist; sourceTree = "<group>"; };
/* End PBXFileReference section */

/* Begin PBXFrameworksBuildPhase section */
		0F76B69B20F9DEBB00EC89DF /* Frameworks */ = {
			isa = PBXFrameworksBuildPhase;
			buildActionMask = 2147483647;
			files = (
			);
			runOnlyForDeploymentPostprocessing = 0;
		};
		0F76B6AF20F9DEBB00EC89DF /* Frameworks */ = {
			isa = PBXFrameworksBuildPhase;
			buildActionMask = 2147483647;
			files = (
			);
			runOnlyForDeploymentPostprocessing = 0;
		};
		0F76B6BA20F9DEBB00EC89DF /* Frameworks */ = {
			isa = PBXFrameworksBuildPhase;
			buildActionMask = 2147483647;
			files = (
			);
			runOnlyForDeploymentPostprocessing = 0;
		};
/* End PBXFrameworksBuildPhase section */

/* Begin PBXGroup section */
		0F76B69520F9DEBB00EC89DF = {
			isa = PBXGroup;
			children = (
				0F76B6A020F9DEBB00EC89DF /* TestButton */,
				0F76B6B520F9DEBB00EC89DF /* TestButtonTests */,
				0F76B6C020F9DEBB00EC89DF /* TestButtonUITests */,
				0F76B69F20F9DEBB00EC89DF /* Products */,
			);
			sourceTree = "<group>";
		};
		0F76B69F20F9DEBB00EC89DF /* Products */ = {
			isa = PBXGroup;
			children = (
				0F76B69E20F9DEBB00EC89DF /* TestButton.app */,
				0F76B6B220F9DEBB00EC89DF /* TestButtonTests.xctest */,
				0F76B6BD20F9DEBB00EC89DF /* TestButtonUITests.xctest */,
			);
			name = Products;
			sourceTree = "<group>";
		};
		0F76B6A020F9DEBB00EC89DF /* TestButton */ = {
			isa = PBXGroup;
			children = (
				0F76B6A120F9DEBB00EC89DF /* AppDelegate.swift */,
				0F76B6A320F9DEBB00EC89DF /* ViewController.swift */,
				0F76B6A520F9DEBB00EC89DF /* Main.storyboard */,
				0F76B6A820F9DEBB00EC89DF /* Assets.xcassets */,
				0F76B6AA20F9DEBB00EC89DF /* LaunchScreen.storyboard */,
				0F76B6AD20F9DEBB00EC89DF /* Info.plist */,
			);
			path = TestButton;
			sourceTree = "<group>";
		};
		0F76B6B520F9DEBB00EC89DF /* TestButtonTests */ = {
			isa = PBXGroup;
			children = (
				0F76B6B620F9DEBB00EC89DF /* TestButtonTests.swift */,
				0F76B6B820F9DEBB00EC89DF /* Info.plist */,
			);
			path = TestButtonTests;
			sourceTree = "<group>";
		};
		0F76B6C020F9DEBB00EC89DF /* TestButtonUITests */ = {
			isa = PBXGroup;
			children = (
				0F76B6C120F9DEBB00EC89DF /* TestButtonUITests.swift */,
				0F76B6C320F9DEBB00EC89DF /* Info.plist */,
			);
			path = TestButtonUITests;
			sourceTree = "<group>";
		};
/* End PBXGroup section */

/* Begin PBXNativeTarget section */
		0F76B69D20F9DEBB00EC89DF /* TestButton */ = {
			isa = PBXNativeTarget;
			buildConfigurationList = 0F76B6C620F9DEBB00EC89DF /* Build configuration list for PBXNativeTarget "TestButton" */;
			buildPhases = (
				0F76B69A20F9DEBB00EC89DF /* Sources */,
				0F76B69B20F9DEBB00EC89DF /* Frameworks */,
				0F76B69C20F9DEBB00EC89DF /* Resources */,
			);
			buildRules = (
			);
			dependencies = (
			);
			name = TestButton;
			productName = TestButton;
			productReference = 0F76B69E20F9DEBB00EC89DF /* TestButton.app */;
			productType = "com.apple.product-type.application";
		};
		0F76B6B120F9DEBB00EC89DF /* TestButtonTests */ = {
			isa = PBXNativeTarget;
			buildConfigurationList = 0F76B6C920F9DEBB00EC89DF /* Build configuration list for PBXNativeTarget "TestButtonTests" */;
			buildPhases = (
				0F76B6AE20F9DEBB00EC89DF /* Sources */,
				0F76B6AF20F9DEBB00EC89DF /* Frameworks */,
				0F76B6B020F9DEBB00EC89DF /* Resources */,
			);
			buildRules = (
			);
			dependencies = (
				0F76B6B420F9DEBB00EC89DF /* PBXTargetDependency */,
			);
			name = TestButtonTests;
			productName = TestButtonTests;
			productReference = 0F76B6B220F9DEBB00EC89DF /* TestButtonTests.xctest */;
			productType = "com.apple.product-type.bundle.unit-test";
		};
		0F76B6BC20F9DEBB00EC89DF /* TestButtonUITests */ = {
			isa = PBXNativeTarget;
			buildConfigurationList = 0F76B6CC20F9DEBB00EC89DF /* Build configuration list for PBXNativeTarget "TestButtonUITests" */;
			buildPhases = (
				0F76B6B920F9DEBB00EC89DF /* Sources */,
				0F76B6BA20F9DEBB00EC89DF /* Frameworks */,
				0F76B6BB20F9DEBB00EC89DF /* Resources */,
			);
			buildRules = (
			);
			dependencies = (
				0F76B6BF20F9DEBB00EC89DF /* PBXTargetDependency */,
			);
			name = TestButtonUITests;
			productName = TestButtonUITests;
			productReference = 0F76B6BD20F9DEBB00EC89DF /* TestButtonUITests.xctest */;
			productType = "com.apple.product-type.bundle.ui-testing";
		};
/* End PBXNativeTarget section */

/* Begin PBXProject section */
		0F76B69620F9DEBB00EC89DF /* Project object */ = {
			isa = PBXProject;
			attributes = {
				LastSwiftUpdateCheck = 0920;
				LastUpgradeCheck = 0920;
				ORGANIZATIONNAME = YH;
				TargetAttributes = {
					0F76B69D20F9DEBB00EC89DF = {
						CreatedOnToolsVersion = 9.2;
						ProvisioningStyle = Automatic;
					};
					0F76B6B120F9DEBB00EC89DF = {
						CreatedOnToolsVersion = 9.2;
						ProvisioningStyle = Automatic;
						TestTargetID = 0F76B69D20F9DEBB00EC89DF;
					};
					0F76B6BC20F9DEBB00EC89DF = {
						CreatedOnToolsVersion = 9.2;
						ProvisioningStyle = Automatic;
						TestTargetID = 0F76B69D20F9DEBB00EC89DF;
					};
				};
			};
			buildConfigurationList = 0F76B69920F9DEBB00EC89DF /* Build configuration list for PBXProject "TestButton" */;
			compatibilityVersion = "Xcode 8.0";
			developmentRegion = en;
			hasScannedForEncodings = 0;
			knownRegions = (
				en,
				Base,
			);
			mainGroup = 0F76B69520F9DEBB00EC89DF;
			productRefGroup = 0F76B69F20F9DEBB00EC89DF /* Products */;
			projectDirPath = "";
			projectRoot = "";
			targets = (
				0F76B69D20F9DEBB00EC89DF /* TestButton */,
				0F76B6B120F9DEBB00EC89DF /* TestButtonTests */,
				0F76B6BC20F9DEBB00EC89DF /* TestButtonUITests */,
			);
		};
/* End PBXProject section */

/* Begin PBXResourcesBuildPhase section */
		0F76B69C20F9DEBB00EC89DF /* Resources */ = {
			isa = PBXResourcesBuildPhase;
			buildActionMask = 2147483647;
			files = (
				0F76B6AC20F9DEBB00EC89DF /* LaunchScreen.storyboard in Resources */,
				0F76B6A920F9DEBB00EC89DF /* Assets.xcassets in Resources */,
				0F76B6A720F9DEBB00EC89DF /* Main.storyboard in Resources */,
			);
			runOnlyForDeploymentPostprocessing = 0;
		};
		0F76B6B020F9DEBB00EC89DF /* Resources */ = {
			isa = PBXResourcesBuildPhase;
			buildActionMask = 2147483647;
			files = (
			);
			runOnlyForDeploymentPostprocessing = 0;
		};
		0F76B6BB20F9DEBB00EC89DF /* Resources */ = {
			isa = PBXResourcesBuildPhase;
			buildActionMask = 2147483647;
			files = (
			);
			runOnlyForDeploymentPostprocessing = 0;
		};
/* End PBXResourcesBuildPhase section */

/* Begin PBXSourcesBuildPhase section */
		0F76B69A20F9DEBB00EC89DF /* Sources */ = {
			isa = PBXSourcesBuildPhase;
			buildActionMask = 2147483647;
			files = (
				0F76B6A420F9DEBB00EC89DF /* ViewController.swift in Sources */,
				0F76B6A220F9DEBB00EC89DF /* AppDelegate.swift in Sources */,
			);
			runOnlyForDeploymentPostprocessing = 0;
		};
		0F76B6AE20F9DEBB00EC89DF /* Sources */ = {
			isa = PBXSourcesBuildPhase;
			buildActionMask = 2147483647;
			files = (
				0F76B6B720F9DEBB00EC89DF /* TestButtonTests.swift in Sources */,
			);
			runOnlyForDeploymentPostprocessing = 0;
		};
		0F76B6B920F9DEBB00EC89DF /* Sources */ = {
			isa = PBXSourcesBuildPhase;
			buildActionMask = 2147483647;
			files = (
				0F76B6C220F9DEBB00EC89DF /* TestButtonUITests.swift in Sources */,
			);
			runOnlyForDeploymentPostprocessing = 0;
		};
/* End PBXSourcesBuildPhase section */

/* Begin PBXTargetDependency section */
		0F76B6B420F9DEBB00EC89DF /* PBXTargetDependency */ = {
			isa = PBXTargetDependency;
			target = 0F76B69D20F9DEBB00EC89DF /* TestButton */;
			targetProxy = 0F76B6B320F9DEBB00EC89DF /* PBXContainerItemProxy */;
		};
		0F76B6BF20F9DEBB00EC89DF /* PBXTargetDependency */ = {
			isa = PBXTargetDependency;
			target = 0F76B69D20F9DEBB00EC89DF /* TestButton */;
			targetProxy = 0F76B6BE20F9DEBB00EC89DF /* PBXContainerItemProxy */;
		};
/* End PBXTargetDependency section */

/* Begin PBXVariantGroup section */
		0F76B6A520F9DEBB00EC89DF /* Main.storyboard */ = {
			isa = PBXVariantGroup;
			children = (
				0F76B6A620F9DEBB00EC89DF /* Base */,
			);
			name = Main.storyboard;
			sourceTree = "<group>";
		};
		0F76B6AA20F9DEBB00EC89DF /* LaunchScreen.storyboard */ = {
			isa = PBXVariantGroup;
			children = (
				0F76B6AB20F9DEBB00EC89DF /* Base */,
			);
			name = LaunchScreen.storyboard;
			sourceTree = "<group>";
		};
/* End PBXVariantGroup section */

/* Begin XCBuildConfiguration section */
		0F76B6C420F9DEBB00EC89DF /* Debug */ = {
			isa = XCBuildConfiguration;
			buildSettings = {
				ALWAYS_SEARCH_USER_PATHS = NO;
				CLANG_ANALYZER_NONNULL = YES;
				CLANG_ANALYZER_NUMBER_OBJECT_CONVERSION = YES_AGGRESSIVE;
				CLANG_CXX_LANGUAGE_STANDARD = "gnu++14";
				CLANG_CXX_LIBRARY = "libc++";
				CLANG_ENABLE_MODULES = YES;
				CLANG_ENABLE_OBJC_ARC = YES;
				CLANG_WARN_BLOCK_CAPTURE_AUTORELEASING = YES;
				CLANG_WARN_BOOL_CONVERSION = YES;
				CLANG_WARN_COMMA = YES;
				CLANG_WARN_CONSTANT_CONVERSION = YES;
				CLANG_WARN_DIRECT_OBJC_ISA_USAGE = YES_ERROR;
				CLANG_WARN_DOCUMENTATION_COMMENTS = YES;
				CLANG_WARN_EMPTY_BODY = YES;
				CLANG_WARN_ENUM_CONVERSION = YES;
				CLANG_WARN_INFINITE_RECURSION = YES;
				CLANG_WARN_INT_CONVERSION = YES;
				CLANG_WARN_NON_LITERAL_NULL_CONVERSION = YES;
				CLANG_WARN_OBJC_LITERAL_CONVERSION = YES;
				CLANG_WARN_OBJC_ROOT_CLASS = YES_ERROR;
				CLANG_WARN_RANGE_LOOP_ANALYSIS = YES;
				CLANG_WARN_STRICT_PROTOTYPES = YES;
				CLANG_WARN_SUSPICIOUS_MOVE = YES;
				CLANG_WARN_UNGUARDED_AVAILABILITY = YES_AGGRESSIVE;
				CLANG_WARN_UNREACHABLE_CODE = YES;
				CLANG_WARN__DUPLICATE_METHOD_MATCH = YES;
				CODE_SIGN_IDENTITY = "iPhone Developer";
				COPY_PHASE_STRIP = NO;
				DEBUG_INFORMATION_FORMAT = dwarf;
				ENABLE_STRICT_OBJC_MSGSEND = YES;
				ENABLE_TESTABILITY = YES;
				GCC_C_LANGUAGE_STANDARD = gnu11;
				GCC_DYNAMIC_NO_PIC = NO;
				GCC_NO_COMMON_BLOCKS = YES;
				GCC_OPTIMIZATION_LEVEL = 0;
				GCC_PREPROCESSOR_DEFINITIONS = (
					"DEBUG=1",
					"$(inherited)",
				);
				GCC_WARN_64_TO_32_BIT_CONVERSION = YES;
				GCC_WARN_ABOUT_RETURN_TYPE = YES_ERROR;
				GCC_WARN_UNDECLARED_SELECTOR = YES;
				GCC_WARN_UNINITIALIZED_AUTOS = YES_AGGRESSIVE;
				GCC_WARN_UNUSED_FUNCTION = YES;
				GCC_WARN_UNUSED_VARIABLE = YES;
				IPHONEOS_DEPLOYMENT_TARGET = 11.2;
				MTL_ENABLE_DEBUG_INFO = YES;
				ONLY_ACTIVE_ARCH = YES;
				SDKROOT = iphoneos;
				SWIFT_ACTIVE_COMPILATION_CONDITIONS = DEBUG;
				SWIFT_OPTIMIZATION_LEVEL = "-Onone";
			};
			name = Debug;
		};
		0F76B6C520F9DEBB00EC89DF /* Release */ = {
			isa = XCBuildConfiguration;
			buildSettings = {
				ALWAYS_SEARCH_USER_PATHS = NO;
				CLANG_ANALYZER_NONNULL = YES;
				CLANG_ANALYZER_NUMBER_OBJECT_CONVERSION = YES_AGGRESSIVE;
				CLANG_CXX_LANGUAGE_STANDARD = "gnu++14";
				CLANG_CXX_LIBRARY = "libc++";
				CLANG_ENABLE_MODULES = YES;
				CLANG_ENABLE_OBJC_ARC = YES;
				CLANG_WARN_BLOCK_CAPTURE_AUTORELEASING = YES;
				CLANG_WARN_BOOL_CONVERSION = YES;
				CLANG_WARN_COMMA = YES;
				CLANG_WARN_CONSTANT_CONVERSION = YES;
				CLANG_WARN_DIRECT_OBJC_ISA_USAGE = YES_ERROR;
				CLANG_WARN_DOCUMENTATION_COMMENTS = YES;
				CLANG_WARN_EMPTY_BODY = YES;
				CLANG_WARN_ENUM_CONVERSION = YES;
				CLANG_WARN_INFINITE_RECURSION = YES;
				CLANG_WARN_INT_CONVERSION = YES;
				CLANG_WARN_NON_LITERAL_NULL_CONVERSION = YES;
				CLANG_WARN_OBJC_LITERAL_CONVERSION = YES;
				CLANG_WARN_OBJC_ROOT_CLASS = YES_ERROR;
				CLANG_WARN_RANGE_LOOP_ANALYSIS = YES;
				CLANG_WARN_STRICT_PROTOTYPES = YES;
				CLANG_WARN_SUSPICIOUS_MOVE = YES;
				CLANG_WARN_UNGUARDED_AVAILABILITY = YES_AGGRESSIVE;
				CLANG_WARN_UNREACHABLE_CODE = YES;
				CLANG_WARN__DUPLICATE_METHOD_MATCH = YES;
				CODE_SIGN_IDENTITY = "iPhone Developer";
				COPY_PHASE_STRIP = NO;
				DEBUG_INFORMATION_FORMAT = "dwarf-with-dsym";
				ENABLE_NS_ASSERTIONS = NO;
				ENABLE_STRICT_OBJC_MSGSEND = YES;
				GCC_C_LANGUAGE_STANDARD = gnu11;
				GCC_NO_COMMON_BLOCKS = YES;
				GCC_WARN_64_TO_32_BIT_CONVERSION = YES;
				GCC_WARN_ABOUT_RETURN_TYPE = YES_ERROR;
				GCC_WARN_UNDECLARED_SELECTOR = YES;
				GCC_WARN_UNINITIALIZED_AUTOS = YES_AGGRESSIVE;
				GCC_WARN_UNUSED_FUNCTION = YES;
				GCC_WARN_UNUSED_VARIABLE = YES;
				IPHONEOS_DEPLOYMENT_TARGET = 11.2;
				MTL_ENABLE_DEBUG_INFO = NO;
				SDKROOT = iphoneos;
				SWIFT_OPTIMIZATION_LEVEL = "-Owholemodule";
				VALIDATE_PRODUCT = YES;
			};
			name = Release;
		};
		0F76B6C720F9DEBB00EC89DF /* Debug */ = {
			isa = XCBuildConfiguration;
			buildSettings = {
				ASSETCATALOG_COMPILER_APPICON_NAME = AppIcon;
				CODE_SIGN_STYLE = Automatic;
				INFOPLIST_FILE = TestButton/Info.plist;
				LD_RUNPATH_SEARCH_PATHS = "$(inherited) @executable_path/Frameworks";
				PRODUCT_BUNDLE_IDENTIFIER = com.HSBTC.www.TestButton;
				PRODUCT_NAME = "$(TARGET_NAME)";
				SWIFT_VERSION = 4.0;
				TARGETED_DEVICE_FAMILY = "1,2";
			};
			name = Debug;
		};
		0F76B6C820F9DEBB00EC89DF /* Release */ = {
			isa = XCBuildConfiguration;
			buildSettings = {
				ASSETCATALOG_COMPILER_APPICON_NAME = AppIcon;
				CODE_SIGN_STYLE = Automatic;
				INFOPLIST_FILE = TestButton/Info.plist;
				LD_RUNPATH_SEARCH_PATHS = "$(inherited) @executable_path/Frameworks";
				PRODUCT_BUNDLE_IDENTIFIER = com.HSBTC.www.TestButton;
				PRODUCT_NAME = "$(TARGET_NAME)";
				SWIFT_VERSION = 4.0;
				TARGETED_DEVICE_FAMILY = "1,2";
			};
			name = Release;
		};
		0F76B6CA20F9DEBB00EC89DF /* Debug */ = {
			isa = XCBuildConfiguration;
			buildSettings = {
				ALWAYS_EMBED_SWIFT_STANDARD_LIBRARIES = YES;
				BUNDLE_LOADER = "$(TEST_HOST)";
				CODE_SIGN_STYLE = Automatic;
				INFOPLIST_FILE = TestButtonTests/Info.plist;
				LD_RUNPATH_SEARCH_PATHS = "$(inherited) @executable_path/Frameworks @loader_path/Frameworks";
				PRODUCT_BUNDLE_IDENTIFIER = com.HSBTC.www.TestButtonTests;
				PRODUCT_NAME = "$(TARGET_NAME)";
				SWIFT_VERSION = 4.0;
				TARGETED_DEVICE_FAMILY = "1,2";
				TEST_HOST = "$(BUILT_PRODUCTS_DIR)/TestButton.app/TestButton";
			};
			name = Debug;
		};
		0F76B6CB20F9DEBB00EC89DF /* Release */ = {
			isa = XCBuildConfiguration;
			buildSettings = {
				ALWAYS_EMBED_SWIFT_STANDARD_LIBRARIES = YES;
				BUNDLE_LOADER = "$(TEST_HOST)";
				CODE_SIGN_STYLE = Automatic;
				INFOPLIST_FILE = TestButtonTests/Info.plist;
				LD_RUNPATH_SEARCH_PATHS = "$(inherited) @executable_path/Frameworks @loader_path/Frameworks";
				PRODUCT_BUNDLE_IDENTIFIER = com.HSBTC.www.TestButtonTests;
				PRODUCT_NAME = "$(TARGET_NAME)";
				SWIFT_VERSION = 4.0;
				TARGETED_DEVICE_FAMILY = "1,2";
				TEST_HOST = "$(BUILT_PRODUCTS_DIR)/TestButton.app/TestButton";
			};
			name = Release;
		};
		0F76B6CD20F9DEBB00EC89DF /* Debug */ = {
			isa = XCBuildConfiguration;
			buildSettings = {
				ALWAYS_EMBED_SWIFT_STANDARD_LIBRARIES = YES;
				CODE_SIGN_STYLE = Automatic;
				INFOPLIST_FILE = TestButtonUITests/Info.plist;
				LD_RUNPATH_SEARCH_PATHS = "$(inherited) @executable_path/Frameworks @loader_path/Frameworks";
				PRODUCT_BUNDLE_IDENTIFIER = com.HSBTC.www.TestButtonUITests;
				PRODUCT_NAME = "$(TARGET_NAME)";
				SWIFT_VERSION = 4.0;
				TARGETED_DEVICE_FAMILY = "1,2";
				TEST_TARGET_NAME = TestButton;
			};
			name = Debug;
		};
		0F76B6CE20F9DEBB00EC89DF /* Release */ = {
			isa = XCBuildConfiguration;
			buildSettings = {
				ALWAYS_EMBED_SWIFT_STANDARD_LIBRARIES = YES;
				CODE_SIGN_STYLE = Automatic;
				INFOPLIST_FILE = TestButtonUITests/Info.plist;
				LD_RUNPATH_SEARCH_PATHS = "$(inherited) @executable_path/Frameworks @loader_path/Frameworks";
				PRODUCT_BUNDLE_IDENTIFIER = com.HSBTC.www.TestButtonUITests;
				PRODUCT_NAME = "$(TARGET_NAME)";
				SWIFT_VERSION = 4.0;
				TARGETED_DEVICE_FAMILY = "1,2";
				TEST_TARGET_NAME = TestButton;
			};
			name = Release;
		};
/* End XCBuildConfiguration section */

/* Begin XCConfigurationList section */
		0F76B69920F9DEBB00EC89DF /* Build configuration list for PBXProject "TestButton" */ = {
			isa = XCConfigurationList;
			buildConfigurations = (
				0F76B6C420F9DEBB00EC89DF /* Debug */,
				0F76B6C520F9DEBB00EC89DF /* Release */,
			);
			defaultConfigurationIsVisible = 0;
			defaultConfigurationName = Release;
		};
		0F76B6C620F9DEBB00EC89DF /* Build configuration list for PBXNativeTarget "TestButton" */ = {
			isa = XCConfigurationList;
			buildConfigurations = (
				0F76B6C720F9DEBB00EC89DF /* Debug */,
				0F76B6C820F9DEBB00EC89DF /* Release */,
			);
			defaultConfigurationIsVisible = 0;
			defaultConfigurationName = Release;
		};
		0F76B6C920F9DEBB00EC89DF /* Build configuration list for PBXNativeTarget "TestButtonTests" */ = {
			isa = XCConfigurationList;
			buildConfigurations = (
				0F76B6CA20F9DEBB00EC89DF /* Debug */,
				0F76B6CB20F9DEBB00EC89DF /* Release */,
			);
			defaultConfigurationIsVisible = 0;
			defaultConfigurationName = Release;
		};
		0F76B6CC20F9DEBB00EC89DF /* Build configuration list for PBXNativeTarget "TestButtonUITests" */ = {
			isa = XCConfigurationList;
			buildConfigurations = (
				0F76B6CD20F9DEBB00EC89DF /* Debug */,
				0F76B6CE20F9DEBB00EC89DF /* Release */,
			);
			defaultConfigurationIsVisible = 0;
			defaultConfigurationName = Release;
		};
/* End XCConfigurationList section */
	};
	rootObject = 0F76B69620F9DEBB00EC89DF /* Project object */;
}
